
Microsoft Visual Studio Solution File, Format Version 12.00
# Visual Studio Version 17
VisualStudioVersion = 17.11.35312.102
MinimumVisualStudioVersion = 10.0.40219.1
Project("{8BC9CEB8-8B4A-11D0-8D11-00A0C91BC942}") = "Actividad 1", "Actividad 1\Actividad 1.vcxproj", "{43CF1961-06B8-4182-A0C2-6D42834051DB}"
EndProject
Global
	GlobalSection(SolutionConfigurationPlatforms) = preSolution
		Debug|x64 = Debug|x64
		Debug|x86 = Debug|x86
		Release|x64 = Release|x64
		Release|x86 = Release|x86
	EndGlobalSection
	GlobalSection(ProjectConfigurationPlatforms) = postSolution
		{43CF1961-06B8-4182-A0C2-6D42834051DB}.Debug|x64.ActiveCfg = Debug|x64
		{43CF1961-06B8-4182-A0C2-6D42834051DB}.Debug|x64.Build.0 = Debug|x64
		{43CF1961-06B8-4182-A0C2-6D42834051DB}.Debug|x86.ActiveCfg = Debug|Win32
		{43CF1961-06B8-4182-A0C2-6D42834051DB}.Debug|x86.Build.0 = Debug|Win32
		{43CF1961-06B8-4182-A0C2-6D42834051DB}.Release|x64.ActiveCfg = Release|x64
		{43CF1961-06B8-4182-A0C2-6D42834051DB}.Release|x64.Build.0 = Release|x64
		{43CF1961-06B8-4182-A0C2-6D42834051DB}.Release|x86.ActiveCfg = Release|Win32
		{43CF1961-06B8-4182-A0C2-6D42834051DB}.Release|x86.Build.0 = Release|Win32
	EndGlobalSection
	GlobalSection(SolutionProperties) = preSolution
		HideSolutionNode = FALSE
	EndGlobalSection
	GlobalSection(ExtensibilityGlobals) = postSolution
		SolutionGuid = {53995D08-6BE9-417C-B7F3-9E5E5D52C14F}
	EndGlobalSection
EndGlobal
